
Microsoft Visual Studio Solution File, Format Version 12.00
# Visual Studio 14
VisualStudioVersion = 14.0.25420.1
MinimumVisualStudioVersion = 10.0.40219.1
Project("{FAE04EC0-301F-11D3-BF4B-00C04F79EFBC}") = "SandBox", "SandBox\SandBox.csproj", "{A698BECF-0EF8-4CB2-B842-7C2BED4ABB8F}"
EndProject
Project("{2150E333-8FDC-42A3-9474-1A3956D46DE8}") = "Labra9", "Labra9", "{9899721C-EB73-4C25-BED8-6D0F04DF9A25}"
EndProject
Project("{FAE04EC0-301F-11D3-BF4B-00C04F79EFBC}") = "Harjoitus1", "Labra9\Harjoitus1\Harjoitus1.csproj", "{B2480D57-B19F-4335-AFF4-4486BA395239}"
EndProject
Project("{FAE04EC0-301F-11D3-BF4B-00C04F79EFBC}") = "Harjoitus2", "Labra9\Harjoitus2\Harjoitus2.csproj", "{BCDB5DB5-5125-4EAB-B53A-EA8E33366A03}"
EndProject
Project("{FAE04EC0-301F-11D3-BF4B-00C04F79EFBC}") = "Harjoitus3", "Labra9\Harjoitus3\Harjoitus3.csproj", "{F0CFC7C7-B17C-4887-8978-8AFA33B3318E}"
EndProject
Project("{2150E333-8FDC-42A3-9474-1A3956D46DE8}") = "Labra10", "Labra10", "{12BC14CE-2AF0-47CF-A4A6-6F2A61C85303}"
EndProject
Project("{FAE04EC0-301F-11D3-BF4B-00C04F79EFBC}") = "Harjoitus1", "Labra10\Harjoitus1\Harjoitus1.csproj", "{04CC3D59-33EF-4B9B-AE59-E1A68749FC4A}"
EndProject
Project("{FAE04EC0-301F-11D3-BF4B-00C04F79EFBC}") = "Harjoitus2", "Labra10\Harjoitus2\Harjoitus2.csproj", "{0A9D75B5-E5B4-416E-B3D3-14257E1AE33C}"
EndProject
Project("{2150E333-8FDC-42A3-9474-1A3956D46DE8}") = "Labra11", "Labra11", "{7C66F4D2-B4A8-4F84-9C27-A8FC4EEF6361}"
EndProject
Project("{FAE04EC0-301F-11D3-BF4B-00C04F79EFBC}") = "Demo1", "Labra11\Demo1\Demo1.csproj", "{A02A40D3-E4D0-413F-AF77-45918B1ABB5D}"
EndProject
Project("{FAE04EC0-301F-11D3-BF4B-00C04F79EFBC}") = "Demo2", "Labra11\Demo2\Demo2.csproj", "{EDAC3323-8ADC-410C-B35E-83422062DC95}"
EndProject
Project("{2150E333-8FDC-42A3-9474-1A3956D46DE8}") = "Labra12", "Labra12", "{C905BE81-5E6F-4348-AF5E-634E5B5A45AC}"
EndProject
Project("{FAE04EC0-301F-11D3-BF4B-00C04F79EFBC}") = "Demo1", "Labra12\Demo1\Demo1.csproj", "{BEC27E74-6412-4F47-9682-F0B9D3EC3657}"
EndProject
Global
	GlobalSection(SolutionConfigurationPlatforms) = preSolution
		Debug|Any CPU = Debug|Any CPU
		Release|Any CPU = Release|Any CPU
	EndGlobalSection
	GlobalSection(ProjectConfigurationPlatforms) = postSolution
		{A698BECF-0EF8-4CB2-B842-7C2BED4ABB8F}.Debug|Any CPU.ActiveCfg = Debug|Any CPU
		{A698BECF-0EF8-4CB2-B842-7C2BED4ABB8F}.Debug|Any CPU.Build.0 = Debug|Any CPU
		{A698BECF-0EF8-4CB2-B842-7C2BED4ABB8F}.Release|Any CPU.ActiveCfg = Release|Any CPU
		{A698BECF-0EF8-4CB2-B842-7C2BED4ABB8F}.Release|Any CPU.Build.0 = Release|Any CPU
		{B2480D57-B19F-4335-AFF4-4486BA395239}.Debug|Any CPU.ActiveCfg = Debug|Any CPU
		{B2480D57-B19F-4335-AFF4-4486BA395239}.Debug|Any CPU.Build.0 = Debug|Any CPU
		{B2480D57-B19F-4335-AFF4-4486BA395239}.Release|Any CPU.ActiveCfg = Release|Any CPU
		{B2480D57-B19F-4335-AFF4-4486BA395239}.Release|Any CPU.Build.0 = Release|Any CPU
		{BCDB5DB5-5125-4EAB-B53A-EA8E33366A03}.Debug|Any CPU.ActiveCfg = Debug|Any CPU
		{BCDB5DB5-5125-4EAB-B53A-EA8E33366A03}.Debug|Any CPU.Build.0 = Debug|Any CPU
		{BCDB5DB5-5125-4EAB-B53A-EA8E33366A03}.Release|Any CPU.ActiveCfg = Release|Any CPU
		{BCDB5DB5-5125-4EAB-B53A-EA8E33366A03}.Release|Any CPU.Build.0 = Release|Any CPU
		{F0CFC7C7-B17C-4887-8978-8AFA33B3318E}.Debug|Any CPU.ActiveCfg = Debug|Any CPU
		{F0CFC7C7-B17C-4887-8978-8AFA33B3318E}.Debug|Any CPU.Build.0 = Debug|Any CPU
		{F0CFC7C7-B17C-4887-8978-8AFA33B3318E}.Release|Any CPU.ActiveCfg = Release|Any CPU
		{F0CFC7C7-B17C-4887-8978-8AFA33B3318E}.Release|Any CPU.Build.0 = Release|Any CPU
		{04CC3D59-33EF-4B9B-AE59-E1A68749FC4A}.Debug|Any CPU.ActiveCfg = Debug|Any CPU
		{04CC3D59-33EF-4B9B-AE59-E1A68749FC4A}.Debug|Any CPU.Build.0 = Debug|Any CPU
		{04CC3D59-33EF-4B9B-AE59-E1A68749FC4A}.Release|Any CPU.ActiveCfg = Release|Any CPU
		{04CC3D59-33EF-4B9B-AE59-E1A68749FC4A}.Release|Any CPU.Build.0 = Release|Any CPU
		{0A9D75B5-E5B4-416E-B3D3-14257E1AE33C}.Debug|Any CPU.ActiveCfg = Debug|Any CPU
		{0A9D75B5-E5B4-416E-B3D3-14257E1AE33C}.Debug|Any CPU.Build.0 = Debug|Any CPU
		{0A9D75B5-E5B4-416E-B3D3-14257E1AE33C}.Release|Any CPU.ActiveCfg = Release|Any CPU
		{0A9D75B5-E5B4-416E-B3D3-14257E1AE33C}.Release|Any CPU.Build.0 = Release|Any CPU
		{A02A40D3-E4D0-413F-AF77-45918B1ABB5D}.Debug|Any CPU.ActiveCfg = Debug|Any CPU
		{A02A40D3-E4D0-413F-AF77-45918B1ABB5D}.Debug|Any CPU.Build.0 = Debug|Any CPU
		{A02A40D3-E4D0-413F-AF77-45918B1ABB5D}.Release|Any CPU.ActiveCfg = Release|Any CPU
		{A02A40D3-E4D0-413F-AF77-45918B1ABB5D}.Release|Any CPU.Build.0 = Release|Any CPU
		{EDAC3323-8ADC-410C-B35E-83422062DC95}.Debug|Any CPU.ActiveCfg = Debug|Any CPU
		{EDAC3323-8ADC-410C-B35E-83422062DC95}.Debug|Any CPU.Build.0 = Debug|Any CPU
		{EDAC3323-8ADC-410C-B35E-83422062DC95}.Release|Any CPU.ActiveCfg = Release|Any CPU
		{EDAC3323-8ADC-410C-B35E-83422062DC95}.Release|Any CPU.Build.0 = Release|Any CPU
		{BEC27E74-6412-4F47-9682-F0B9D3EC3657}.Debug|Any CPU.ActiveCfg = Debug|Any CPU
		{BEC27E74-6412-4F47-9682-F0B9D3EC3657}.Debug|Any CPU.Build.0 = Debug|Any CPU
		{BEC27E74-6412-4F47-9682-F0B9D3EC3657}.Release|Any CPU.ActiveCfg = Release|Any CPU
		{BEC27E74-6412-4F47-9682-F0B9D3EC3657}.Release|Any CPU.Build.0 = Release|Any CPU
	EndGlobalSection
	GlobalSection(SolutionProperties) = preSolution
		HideSolutionNode = FALSE
	EndGlobalSection
	GlobalSection(NestedProjects) = preSolution
		{B2480D57-B19F-4335-AFF4-4486BA395239} = {9899721C-EB73-4C25-BED8-6D0F04DF9A25}
		{BCDB5DB5-5125-4EAB-B53A-EA8E33366A03} = {9899721C-EB73-4C25-BED8-6D0F04DF9A25}
		{F0CFC7C7-B17C-4887-8978-8AFA33B3318E} = {9899721C-EB73-4C25-BED8-6D0F04DF9A25}
		{04CC3D59-33EF-4B9B-AE59-E1A68749FC4A} = {12BC14CE-2AF0-47CF-A4A6-6F2A61C85303}
		{0A9D75B5-E5B4-416E-B3D3-14257E1AE33C} = {12BC14CE-2AF0-47CF-A4A6-6F2A61C85303}
		{A02A40D3-E4D0-413F-AF77-45918B1ABB5D} = {7C66F4D2-B4A8-4F84-9C27-A8FC4EEF6361}
		{EDAC3323-8ADC-410C-B35E-83422062DC95} = {7C66F4D2-B4A8-4F84-9C27-A8FC4EEF6361}
		{BEC27E74-6412-4F47-9682-F0B9D3EC3657} = {C905BE81-5E6F-4348-AF5E-634E5B5A45AC}
	EndGlobalSection
EndGlobal
